
Microsoft Visual Studio Solution File, Format Version 12.00
# Visual Studio Version 17
VisualStudioVersion = 17.2.32630.192
MinimumVisualStudioVersion = 10.0.40219.1
Project("{9A19103F-16F7-4668-BE54-9A1E7A4F7556}") = "Authenticate", "Authenticate\Authenticate.csproj", "{431EBBBF-1DCA-46C6-A3F2-8522142CB43E}"
EndProject
Project("{9A19103F-16F7-4668-BE54-9A1E7A4F7556}") = "Gateway", "Gateway\Gateway.csproj", "{8BEE81B4-F295-42EA-9EB1-C00097A81179}"
EndProject
Project("{9A19103F-16F7-4668-BE54-9A1E7A4F7556}") = "API", "API\API.csproj", "{FE964B76-79A2-40CE-B33A-867C02892B62}"
EndProject
Project("{FAE04EC0-301F-11D3-BF4B-00C04F79EFBC}") = "UnitTest_API", "UnitTest_API\UnitTest_API.csproj", "{66EA5FA1-7263-4D37-997D-77B72D9BA2E8}"
EndProject
Global
	GlobalSection(SolutionConfigurationPlatforms) = preSolution
		Debug|Any CPU = Debug|Any CPU
		Release|Any CPU = Release|Any CPU
	EndGlobalSection
	GlobalSection(ProjectConfigurationPlatforms) = postSolution
		{431EBBBF-1DCA-46C6-A3F2-8522142CB43E}.Debug|Any CPU.ActiveCfg = Debug|Any CPU
		{431EBBBF-1DCA-46C6-A3F2-8522142CB43E}.Debug|Any CPU.Build.0 = Debug|Any CPU
		{431EBBBF-1DCA-46C6-A3F2-8522142CB43E}.Release|Any CPU.ActiveCfg = Release|Any CPU
		{431EBBBF-1DCA-46C6-A3F2-8522142CB43E}.Release|Any CPU.Build.0 = Release|Any CPU
		{8BEE81B4-F295-42EA-9EB1-C00097A81179}.Debug|Any CPU.ActiveCfg = Debug|Any CPU
		{8BEE81B4-F295-42EA-9EB1-C00097A81179}.Debug|Any CPU.Build.0 = Debug|Any CPU
		{8BEE81B4-F295-42EA-9EB1-C00097A81179}.Release|Any CPU.ActiveCfg = Release|Any CPU
		{8BEE81B4-F295-42EA-9EB1-C00097A81179}.Release|Any CPU.Build.0 = Release|Any CPU
		{FE964B76-79A2-40CE-B33A-867C02892B62}.Debug|Any CPU.ActiveCfg = Debug|Any CPU
		{FE964B76-79A2-40CE-B33A-867C02892B62}.Debug|Any CPU.Build.0 = Debug|Any CPU
		{FE964B76-79A2-40CE-B33A-867C02892B62}.Release|Any CPU.ActiveCfg = Release|Any CPU
		{FE964B76-79A2-40CE-B33A-867C02892B62}.Release|Any CPU.Build.0 = Release|Any CPU
		{66EA5FA1-7263-4D37-997D-77B72D9BA2E8}.Debug|Any CPU.ActiveCfg = Debug|Any CPU
		{66EA5FA1-7263-4D37-997D-77B72D9BA2E8}.Debug|Any CPU.Build.0 = Debug|Any CPU
		{66EA5FA1-7263-4D37-997D-77B72D9BA2E8}.Release|Any CPU.ActiveCfg = Release|Any CPU
		{66EA5FA1-7263-4D37-997D-77B72D9BA2E8}.Release|Any CPU.Build.0 = Release|Any CPU
	EndGlobalSection
	GlobalSection(SolutionProperties) = preSolution
		HideSolutionNode = FALSE
	EndGlobalSection
	GlobalSection(ExtensibilityGlobals) = postSolution
		SolutionGuid = {7A68F5FB-4639-414F-A566-D78B718DA784}
	EndGlobalSection
EndGlobal
